
Microsoft Visual Studio Solution File, Format Version 12.00
# Visual Studio 15
VisualStudioVersion = 15.0.28307.572
MinimumVisualStudioVersion = 10.0.40219.1
Project("{9A19103F-16F7-4668-BE54-9A1E7A4F7556}") = "5_2_2019", "5_2_2019.csproj", "{7AA87414-6B99-43F0-B2C5-1D128B984DFD}"
EndProject
Project("{FAE04EC0-301F-11D3-BF4B-00C04F79EFBC}") = "WordCounterCL", "..\WordCounterCL\WordCounterCL.csproj", "{DE449702-96D0-4616-92A4-64589B2D508E}"
EndProject
Global
	GlobalSection(SolutionConfigurationPlatforms) = preSolution
		Debug|Any CPU = Debug|Any CPU
		Release|Any CPU = Release|Any CPU
	EndGlobalSection
	GlobalSection(ProjectConfigurationPlatforms) = postSolution
		{7AA87414-6B99-43F0-B2C5-1D128B984DFD}.Debug|Any CPU.ActiveCfg = Debug|Any CPU
		{7AA87414-6B99-43F0-B2C5-1D128B984DFD}.Debug|Any CPU.Build.0 = Debug|Any CPU
		{7AA87414-6B99-43F0-B2C5-1D128B984DFD}.Release|Any CPU.ActiveCfg = Release|Any CPU
		{7AA87414-6B99-43F0-B2C5-1D128B984DFD}.Release|Any CPU.Build.0 = Release|Any CPU
		{DE449702-96D0-4616-92A4-64589B2D508E}.Debug|Any CPU.ActiveCfg = Debug|Any CPU
		{DE449702-96D0-4616-92A4-64589B2D508E}.Debug|Any CPU.Build.0 = Debug|Any CPU
		{DE449702-96D0-4616-92A4-64589B2D508E}.Release|Any CPU.ActiveCfg = Release|Any CPU
		{DE449702-96D0-4616-92A4-64589B2D508E}.Release|Any CPU.Build.0 = Release|Any CPU
	EndGlobalSection
	GlobalSection(SolutionProperties) = preSolution
		HideSolutionNode = FALSE
	EndGlobalSection
	GlobalSection(ExtensibilityGlobals) = postSolution
		SolutionGuid = {26AD8425-538A-417B-B7D1-BEF169D006AB}
	EndGlobalSection
EndGlobal
